
Microsoft Visual Studio Solution File, Format Version 12.00
# Visual Studio 15
VisualStudioVersion = 15.0.27004.2005
MinimumVisualStudioVersion = 10.0.40219.1
Project("{FAE04EC0-301F-11D3-BF4B-00C04F79EFBC}") = "AdventOfCode2017", "AdventOfCode2017\AdventOfCode2017.csproj", "{396E00D9-42E0-4FAF-A3EF-551BE39212EC}"
EndProject
Global
	GlobalSection(SolutionConfigurationPlatforms) = preSolution
		Debug|Any CPU = Debug|Any CPU
		Release|Any CPU = Release|Any CPU
	EndGlobalSection
	GlobalSection(ProjectConfigurationPlatforms) = postSolution
		{396E00D9-42E0-4FAF-A3EF-551BE39212EC}.Debug|Any CPU.ActiveCfg = Debug|Any CPU
		{396E00D9-42E0-4FAF-A3EF-551BE39212EC}.Debug|Any CPU.Build.0 = Debug|Any CPU
		{396E00D9-42E0-4FAF-A3EF-551BE39212EC}.Release|Any CPU.ActiveCfg = Release|Any CPU
		{396E00D9-42E0-4FAF-A3EF-551BE39212EC}.Release|Any CPU.Build.0 = Release|Any CPU
	EndGlobalSection
	GlobalSection(SolutionProperties) = preSolution
		HideSolutionNode = FALSE
	EndGlobalSection
	GlobalSection(ExtensibilityGlobals) = postSolution
		SolutionGuid = {52648601-4C58-4523-99CE-A5EB4C381BC4}
	EndGlobalSection
EndGlobal
